{
  "name": "AmmoJS_Startup",
  "lockfileVersion": 3,
  "requires": true,
  "packages": {
    "": {
      "dependencies": {
        "wiggle": "^0.0.17"
      }
    },
    "node_modules/three": {
      "version": "0.174.0",
      "resolved": "https://registry.npmjs.org/three/-/three-0.174.0.tgz",
      "integrity": "sha512-p+WG3W6Ov74alh3geCMkGK9NWuT62ee21cV3jEnun201zodVF4tCE5aZa2U122/mkLRmhJJUQmLLW1BH00uQJQ==",
      "license": "MIT",
      "peer": true
    },
    "node_modules/wiggle": {
      "version": "0.0.17",
      "resolved": "https://registry.npmjs.org/wiggle/-/wiggle-0.0.17.tgz",
      "integrity": "sha512-vF4Kx9a+lHVWia3ZLhZcMnam9VhFGND0+9WYnHq0rcnYDLlbL4iFzYUXJk2cx5reDolwt+EN5mhUP3uHGhWtRQ==",
      "license": "MIT",
      "peerDependencies": {
        "three": ">= 0.152.0"
      }
    }
  }
}
